{
    "_meta": {
        "hash": {
            "sha256": "729b6f08a7c1390910f2cc85efb9ff3f3045091f111db263066e71752b2450b0"
        },
        "requires": {},
        "sources": [
            {
                "url": "https://pypi.python.org/simple",
                "verify_ssl": true
            }
        ]
    },
    "default": {
        "amqp": {
            "version": "==2.2.2"
        },
        "billiard": {
            "version": "==3.5.0.3"
        },
        "celery": {
            "version": "==4.1.0"
        },
        "certifi": {
            "version": "==2018.1.18"
        },
        "chardet": {
            "version": "==3.0.4"
        },
        "defusedxml": {
            "version": "==0.5.0"
        },
        "django": {
            "version": "==2.0.1"
        },
        "django-allauth": {
            "version": "==0.34.0"
        },
        "gunicorn": {
            "version": "==19.7.1"
        },
        "idna": {
            "version": "==2.6"
        },
        "kombu": {
            "version": "==4.1.0"
        },
        "oauthlib": {
            "version": "==2.0.6"
        },
        "psycopg2": {
            "version": "==2.7.3.2"
        },
        "python3-openid": {
            "version": "==3.1.0"
        },
        "pytz": {
            "version": "==2017.3"
        },
        "redis": {
            "version": "==2.10.6"
        },
        "requests": {
            "version": "==2.18.4"
        },
        "requests-oauthlib": {
            "version": "==0.8.0"
        },
        "urllib3": {
            "version": "==1.22"
        },
        "vine": {
            "version": "==1.1.4"
        },
        "whitenoise": {
            "version": "==3.3.1"
        }
    },
    "develop": {}
}
